{
  "name": "wasm-example",
  "version": "0.0.1",
  "lockfileVersion": 3,
  "requires": true,
  "packages": {
    "": {
      "name": "wasm-example",
      "version": "0.0.1"
    },
    "../../../example_rust_lib/pkg": {
      "extraneous": true
    },
    "../../example_rust_lib/pkg": {
      "extraneous": true
    },
    "../../example-rust-lib/pkg": {
      "name": "example-rust-lib",
      "version": "0.1.0",
      "extraneous": true
    }
  }
}
