
Microsoft Visual Studio Solution File, Format Version 12.00
# Visual Studio Version 17
VisualStudioVersion = 17.11.35312.102
MinimumVisualStudioVersion = 10.0.40219.1
Project("{9A19103F-16F7-4668-BE54-9A1E7A4F7556}") = "ConsoleApp1", "ConsoleApp1\ConsoleApp1.csproj", "{46B300C8-B7EF-4E0F-B436-3065823004C8}"
EndProject
Project("{9A19103F-16F7-4668-BE54-9A1E7A4F7556}") = "ClassLibrary1", "ClassLibrary1\ClassLibrary1.csproj", "{F59FB5A6-222C-47E5-A503-ADF20351E133}"
EndProject
Project("{FAE04EC0-301F-11D3-BF4B-00C04F79EFBC}") = "ConsoleApp2", "ConsoleApp2\ConsoleApp2.csproj", "{D4F451C2-2E37-4E3B-BC04-3DEBBAB071C4}"
EndProject
Global
	GlobalSection(SolutionConfigurationPlatforms) = preSolution
		Debug|x64 = Debug|x64
		Release|x64 = Release|x64
	EndGlobalSection
	GlobalSection(ProjectConfigurationPlatforms) = postSolution
		{46B300C8-B7EF-4E0F-B436-3065823004C8}.Debug|x64.ActiveCfg = Debug|x64
		{46B300C8-B7EF-4E0F-B436-3065823004C8}.Debug|x64.Build.0 = Debug|x64
		{46B300C8-B7EF-4E0F-B436-3065823004C8}.Release|x64.ActiveCfg = Release|x64
		{46B300C8-B7EF-4E0F-B436-3065823004C8}.Release|x64.Build.0 = Release|x64
		{F59FB5A6-222C-47E5-A503-ADF20351E133}.Debug|x64.ActiveCfg = Debug|x64
		{F59FB5A6-222C-47E5-A503-ADF20351E133}.Debug|x64.Build.0 = Debug|x64
		{F59FB5A6-222C-47E5-A503-ADF20351E133}.Release|x64.ActiveCfg = Release|x64
		{F59FB5A6-222C-47E5-A503-ADF20351E133}.Release|x64.Build.0 = Release|x64
		{D4F451C2-2E37-4E3B-BC04-3DEBBAB071C4}.Debug|x64.ActiveCfg = Debug|x64
		{D4F451C2-2E37-4E3B-BC04-3DEBBAB071C4}.Debug|x64.Build.0 = Debug|x64
		{D4F451C2-2E37-4E3B-BC04-3DEBBAB071C4}.Release|x64.ActiveCfg = Release|x64
		{D4F451C2-2E37-4E3B-BC04-3DEBBAB071C4}.Release|x64.Build.0 = Release|x64
	EndGlobalSection
	GlobalSection(SolutionProperties) = preSolution
		HideSolutionNode = FALSE
	EndGlobalSection
	GlobalSection(ExtensibilityGlobals) = postSolution
		SolutionGuid = {70C04580-4611-4142-BE21-32BD37605E68}
	EndGlobalSection
EndGlobal
